<?xml version="1.0" encoding="UTF-8" standalone="yes" ?>
<CodeBlocks_project_file>
	<FileVersion major="1" minor="6" />
	<Project>
		<Option title="clipcrawler" />
		<Option makefile_is_custom="1" />
		<Option pch_mode="2" />
		<Option compiler="gcc" />
		<Build>
			<Target title="Debug">
				<Option output="bin/Debug/clipcrawler" prefix_auto="1" extension_auto="1" />
				<Option object_output="obj/Debug/" />
				<Option type="1" />
				<Option compiler="gcc" />
				<Compiler>
					<Add option="-g" />
				</Compiler>
				<MakeCommands>
					<Build command="$make -f $makefile debug" />
					<CompileFile command="$make -f $makefile $file" />
					<Clean command="$make -f $makefile clean debug" />
					<DistClean command="$make -f $makefile distclean$target" />
					<AskRebuildNeeded command="$make -q -f $makefile debug" />
					<SilentBuild command="$make -s -f $makefile debug" />
				</MakeCommands>
			</Target>
			<Target title="Release">
				<Option output="bin/Release/clipcrawler" prefix_auto="1" extension_auto="1" />
				<Option object_output="obj/Release/" />
				<Option type="0" />
				<Option compiler="gcc" />
				<Compiler>
					<Add option="-O2" />
				</Compiler>
				<Linker>
					<Add option="-s" />
				</Linker>
				<MakeCommands>
					<Build command="$make -f $makefile release" />
					<CompileFile command="$make -f $makefile $file" />
					<Clean command="$make -f $makefile clean release" />
					<DistClean command="$make -f $makefile distclean$target" />
					<AskRebuildNeeded command="$make -q -f $makefile release" />
					<SilentBuild command="$make -s -f $makefile release" />
				</MakeCommands>
			</Target>
		</Build>
		<Compiler>
			<Add option="-Wall" />
		</Compiler>
		<Unit filename="src/DownloadManager.cpp" />
		<Unit filename="src/DownloadManager.h" />
		<Unit filename="src/YoutubeInterface.cpp" />
		<Unit filename="src/YoutubeInterface.h" />
		<Unit filename="src/clipcrawler.cpp" />
		<Unit filename="src/ui/MainWidget.cpp" />
		<Unit filename="src/ui/MainWidget.h" />
		<Unit filename="src/ui/MainWindow.cpp" />
		<Unit filename="src/ui/MainWindow.h" />
		<Unit filename="src/ui/ui_main.h" />
		<Unit filename="ui/main.ui" />
		<Extensions>
			<code_completion />
			<debugger />
		</Extensions>
	</Project>
</CodeBlocks_project_file>
